
Microsoft Visual Studio Solution File, Format Version 12.00
# Visual Studio Version 16
VisualStudioVersion = 16.0.30804.86
MinimumVisualStudioVersion = 10.0.40219.1
Project("{FAE04EC0-301F-11D3-BF4B-00C04F79EFBC}") = "OGSittingAndStandingIcon", "OGSittingAndStandingIcon.csproj", "{B6FFAB75-601C-4A59-951E-4A5E5EE46706}"
EndProject
Global
	GlobalSection(SolutionConfigurationPlatforms) = preSolution
		Debug|Any CPU = Debug|Any CPU
		Release|Any CPU = Release|Any CPU
	EndGlobalSection
	GlobalSection(ProjectConfigurationPlatforms) = postSolution
		{B6FFAB75-601C-4A59-951E-4A5E5EE46706}.Debug|Any CPU.ActiveCfg = Debug|Any CPU
		{B6FFAB75-601C-4A59-951E-4A5E5EE46706}.Debug|Any CPU.Build.0 = Debug|Any CPU
		{B6FFAB75-601C-4A59-951E-4A5E5EE46706}.Release|Any CPU.ActiveCfg = Release|Any CPU
		{B6FFAB75-601C-4A59-951E-4A5E5EE46706}.Release|Any CPU.Build.0 = Release|Any CPU
	EndGlobalSection
	GlobalSection(SolutionProperties) = preSolution
		HideSolutionNode = FALSE
	EndGlobalSection
	GlobalSection(ExtensibilityGlobals) = postSolution
		SolutionGuid = {D370025E-064A-4A7D-B027-0942CA323467}
	EndGlobalSection
EndGlobal
